
Microsoft Visual Studio Solution File, Format Version 12.00
# Visual Studio 15
VisualStudioVersion = 15.0.27703.2035
MinimumVisualStudioVersion = 10.0.40219.1
Project("{9A19103F-16F7-4668-BE54-9A1E7A4F7556}") = "RPG.Standard.Data", "RPG.Standard.Data\RPG.Standard.Data.csproj", "{F8BB9C0F-DB4A-4C0E-8628-486C78A33982}"
EndProject
Project("{FAE04EC0-301F-11D3-BF4B-00C04F79EFBC}") = "RPG.Xamarin.Android", "RPG.Xamarin\RPG.Xamarin.Android\RPG.Xamarin.Android.csproj", "{73B56B21-3C83-4958-BB67-593D264B44B6}"
EndProject
Project("{FAE04EC0-301F-11D3-BF4B-00C04F79EFBC}") = "RPG.Xamarin.iOS", "RPG.Xamarin\RPG.Xamarin.iOS\RPG.Xamarin.iOS.csproj", "{63BBA208-03E3-49E9-AD53-6AE265CB7C0A}"
EndProject
Project("{FAE04EC0-301F-11D3-BF4B-00C04F79EFBC}") = "RPG.Xamarin.UWP", "RPG.Xamarin\RPG.Xamarin.UWP\RPG.Xamarin.UWP.csproj", "{240FE79B-ED58-41E8-A3B8-757A0F51FA41}"
EndProject
Project("{D954291E-2A0B-460D-934E-DC6B0785DB48}") = "RPG.Xamarin", "RPG.Xamarin\RPG.Xamarin\RPG.Xamarin.shproj", "{12475245-E297-4D4F-B0F5-6C20B4B51E32}"
EndProject
Project("{9A19103F-16F7-4668-BE54-9A1E7A4F7556}") = "RPG.Core.Api", "RPG.Core.Api\RPG.Core.Api.csproj", "{45B5C6B6-21AB-49DD-9106-95A8DD76EF08}"
EndProject
Project("{FAE04EC0-301F-11D3-BF4B-00C04F79EFBC}") = "RPG.Domain", "RPG.Domain\RPG.Domain.csproj", "{7C25CE5E-8E46-4FF1-8F2F-194A491BED46}"
EndProject
Global
	GlobalSection(SharedMSBuildProjectFiles) = preSolution
		RPG.Xamarin\RPG.Xamarin\RPG.Xamarin.projitems*{12475245-e297-4d4f-b0f5-6c20b4b51e32}*SharedItemsImports = 13
		RPG.Xamarin\RPG.Xamarin\RPG.Xamarin.projitems*{240fe79b-ed58-41e8-a3b8-757a0f51fa41}*SharedItemsImports = 4
		RPG.Xamarin\RPG.Xamarin\RPG.Xamarin.projitems*{63bba208-03e3-49e9-ad53-6ae265cb7c0a}*SharedItemsImports = 4
		RPG.Xamarin\RPG.Xamarin\RPG.Xamarin.projitems*{73b56b21-3c83-4958-bb67-593d264b44b6}*SharedItemsImports = 4
	EndGlobalSection
	GlobalSection(SolutionConfigurationPlatforms) = preSolution
		Ad-Hoc|Any CPU = Ad-Hoc|Any CPU
		Ad-Hoc|ARM = Ad-Hoc|ARM
		Ad-Hoc|iPhone = Ad-Hoc|iPhone
		Ad-Hoc|iPhoneSimulator = Ad-Hoc|iPhoneSimulator
		Ad-Hoc|x64 = Ad-Hoc|x64
		Ad-Hoc|x86 = Ad-Hoc|x86
		AppStore|Any CPU = AppStore|Any CPU
		AppStore|ARM = AppStore|ARM
		AppStore|iPhone = AppStore|iPhone
		AppStore|iPhoneSimulator = AppStore|iPhoneSimulator
		AppStore|x64 = AppStore|x64
		AppStore|x86 = AppStore|x86
		Debug|Any CPU = Debug|Any CPU
		Debug|ARM = Debug|ARM
		Debug|iPhone = Debug|iPhone
		Debug|iPhoneSimulator = Debug|iPhoneSimulator
		Debug|x64 = Debug|x64
		Debug|x86 = Debug|x86
		Release|Any CPU = Release|Any CPU
		Release|ARM = Release|ARM
		Release|iPhone = Release|iPhone
		Release|iPhoneSimulator = Release|iPhoneSimulator
		Release|x64 = Release|x64
		Release|x86 = Release|x86
	EndGlobalSection
	GlobalSection(ProjectConfigurationPlatforms) = postSolution
		{F8BB9C0F-DB4A-4C0E-8628-486C78A33982}.Ad-Hoc|Any CPU.ActiveCfg = Debug|Any CPU
		{F8BB9C0F-DB4A-4C0E-8628-486C78A33982}.Ad-Hoc|Any CPU.Build.0 = Debug|Any CPU
		{F8BB9C0F-DB4A-4C0E-8628-486C78A33982}.Ad-Hoc|ARM.ActiveCfg = Debug|Any CPU
		{F8BB9C0F-DB4A-4C0E-8628-486C78A33982}.Ad-Hoc|ARM.Build.0 = Debug|Any CPU
		{F8BB9C0F-DB4A-4C0E-8628-486C78A33982}.Ad-Hoc|iPhone.ActiveCfg = Debug|Any CPU
		{F8BB9C0F-DB4A-4C0E-8628-486C78A33982}.Ad-Hoc|iPhone.Build.0 = Debug|Any CPU
		{F8BB9C0F-DB4A-4C0E-8628-486C78A33982}.Ad-Hoc|iPhoneSimulator.ActiveCfg = Debug|Any CPU
		{F8BB9C0F-DB4A-4C0E-8628-486C78A33982}.Ad-Hoc|iPhoneSimulator.Build.0 = Debug|Any CPU
		{F8BB9C0F-DB4A-4C0E-8628-486C78A33982}.Ad-Hoc|x64.ActiveCfg = Debug|Any CPU
		{F8BB9C0F-DB4A-4C0E-8628-486C78A33982}.Ad-Hoc|x64.Build.0 = Debug|Any CPU
		{F8BB9C0F-DB4A-4C0E-8628-486C78A33982}.Ad-Hoc|x86.ActiveCfg = Debug|Any CPU
		{F8BB9C0F-DB4A-4C0E-8628-486C78A33982}.Ad-Hoc|x86.Build.0 = Debug|Any CPU
		{F8BB9C0F-DB4A-4C0E-8628-486C78A33982}.AppStore|Any CPU.ActiveCfg = Debug|Any CPU
		{F8BB9C0F-DB4A-4C0E-8628-486C78A33982}.AppStore|Any CPU.Build.0 = Debug|Any CPU
		{F8BB9C0F-DB4A-4C0E-8628-486C78A33982}.AppStore|ARM.ActiveCfg = Debug|Any CPU
		{F8BB9C0F-DB4A-4C0E-8628-486C78A33982}.AppStore|ARM.Build.0 = Debug|Any CPU
		{F8BB9C0F-DB4A-4C0E-8628-486C78A33982}.AppStore|iPhone.ActiveCfg = Debug|Any CPU
		{F8BB9C0F-DB4A-4C0E-8628-486C78A33982}.AppStore|iPhone.Build.0 = Debug|Any CPU
		{F8BB9C0F-DB4A-4C0E-8628-486C78A33982}.AppStore|iPhoneSimulator.ActiveCfg = Debug|Any CPU
		{F8BB9C0F-DB4A-4C0E-8628-486C78A33982}.AppStore|iPhoneSimulator.Build.0 = Debug|Any CPU
		{F8BB9C0F-DB4A-4C0E-8628-486C78A33982}.AppStore|x64.ActiveCfg = Debug|Any CPU
		{F8BB9C0F-DB4A-4C0E-8628-486C78A33982}.AppStore|x64.Build.0 = Debug|Any CPU
		{F8BB9C0F-DB4A-4C0E-8628-486C78A33982}.AppStore|x86.ActiveCfg = Debug|Any CPU
		{F8BB9C0F-DB4A-4C0E-8628-486C78A33982}.AppStore|x86.Build.0 = Debug|Any CPU
		{F8BB9C0F-DB4A-4C0E-8628-486C78A33982}.Debug|Any CPU.ActiveCfg = Debug|Any CPU
		{F8BB9C0F-DB4A-4C0E-8628-486C78A33982}.Debug|Any CPU.Build.0 = Debug|Any CPU
		{F8BB9C0F-DB4A-4C0E-8628-486C78A33982}.Debug|ARM.ActiveCfg = Debug|Any CPU
		{F8BB9C0F-DB4A-4C0E-8628-486C78A33982}.Debug|ARM.Build.0 = Debug|Any CPU
		{F8BB9C0F-DB4A-4C0E-8628-486C78A33982}.Debug|iPhone.ActiveCfg = Debug|Any CPU
		{F8BB9C0F-DB4A-4C0E-8628-486C78A33982}.Debug|iPhone.Build.0 = Debug|Any CPU
		{F8BB9C0F-DB4A-4C0E-8628-486C78A33982}.Debug|iPhoneSimulator.ActiveCfg = Debug|Any CPU
		{F8BB9C0F-DB4A-4C0E-8628-486C78A33982}.Debug|iPhoneSimulator.Build.0 = Debug|Any CPU
		{F8BB9C0F-DB4A-4C0E-8628-486C78A33982}.Debug|x64.ActiveCfg = Debug|Any CPU
		{F8BB9C0F-DB4A-4C0E-8628-486C78A33982}.Debug|x64.Build.0 = Debug|Any CPU
		{F8BB9C0F-DB4A-4C0E-8628-486C78A33982}.Debug|x86.ActiveCfg = Debug|Any CPU
		{F8BB9C0F-DB4A-4C0E-8628-486C78A33982}.Debug|x86.Build.0 = Debug|Any CPU
		{F8BB9C0F-DB4A-4C0E-8628-486C78A33982}.Release|Any CPU.ActiveCfg = Release|Any CPU
		{F8BB9C0F-DB4A-4C0E-8628-486C78A33982}.Release|Any CPU.Build.0 = Release|Any CPU
		{F8BB9C0F-DB4A-4C0E-8628-486C78A33982}.Release|ARM.ActiveCfg = Release|Any CPU
		{F8BB9C0F-DB4A-4C0E-8628-486C78A33982}.Release|ARM.Build.0 = Release|Any CPU
		{F8BB9C0F-DB4A-4C0E-8628-486C78A33982}.Release|iPhone.ActiveCfg = Release|Any CPU
		{F8BB9C0F-DB4A-4C0E-8628-486C78A33982}.Release|iPhone.Build.0 = Release|Any CPU
		{F8BB9C0F-DB4A-4C0E-8628-486C78A33982}.Release|iPhoneSimulator.ActiveCfg = Release|Any CPU
		{F8BB9C0F-DB4A-4C0E-8628-486C78A33982}.Release|iPhoneSimulator.Build.0 = Release|Any CPU
		{F8BB9C0F-DB4A-4C0E-8628-486C78A33982}.Release|x64.ActiveCfg = Release|Any CPU
		{F8BB9C0F-DB4A-4C0E-8628-486C78A33982}.Release|x64.Build.0 = Release|Any CPU
		{F8BB9C0F-DB4A-4C0E-8628-486C78A33982}.Release|x86.ActiveCfg = Release|Any CPU
		{F8BB9C0F-DB4A-4C0E-8628-486C78A33982}.Release|x86.Build.0 = Release|Any CPU
		{73B56B21-3C83-4958-BB67-593D264B44B6}.Ad-Hoc|Any CPU.ActiveCfg = Release|Any CPU
		{73B56B21-3C83-4958-BB67-593D264B44B6}.Ad-Hoc|Any CPU.Build.0 = Release|Any CPU
		{73B56B21-3C83-4958-BB67-593D264B44B6}.Ad-Hoc|Any CPU.Deploy.0 = Release|Any CPU
		{73B56B21-3C83-4958-BB67-593D264B44B6}.Ad-Hoc|ARM.ActiveCfg = Release|Any CPU
		{73B56B21-3C83-4958-BB67-593D264B44B6}.Ad-Hoc|ARM.Build.0 = Release|Any CPU
		{73B56B21-3C83-4958-BB67-593D264B44B6}.Ad-Hoc|ARM.Deploy.0 = Release|Any CPU
		{73B56B21-3C83-4958-BB67-593D264B44B6}.Ad-Hoc|iPhone.ActiveCfg = Release|Any CPU
		{73B56B21-3C83-4958-BB67-593D264B44B6}.Ad-Hoc|iPhone.Build.0 = Release|Any CPU
		{73B56B21-3C83-4958-BB67-593D264B44B6}.Ad-Hoc|iPhone.Deploy.0 = Release|Any CPU
		{73B56B21-3C83-4958-BB67-593D264B44B6}.Ad-Hoc|iPhoneSimulator.ActiveCfg = Release|Any CPU
		{73B56B21-3C83-4958-BB67-593D264B44B6}.Ad-Hoc|iPhoneSimulator.Build.0 = Release|Any CPU
		{73B56B21-3C83-4958-BB67-593D264B44B6}.Ad-Hoc|iPhoneSimulator.Deploy.0 = Release|Any CPU
		{73B56B21-3C83-4958-BB67-593D264B44B6}.Ad-Hoc|x64.ActiveCfg = Release|Any CPU
		{73B56B21-3C83-4958-BB67-593D264B44B6}.Ad-Hoc|x64.Build.0 = Release|Any CPU
		{73B56B21-3C83-4958-BB67-593D264B44B6}.Ad-Hoc|x64.Deploy.0 = Release|Any CPU
		{73B56B21-3C83-4958-BB67-593D264B44B6}.Ad-Hoc|x86.ActiveCfg = Release|Any CPU
		{73B56B21-3C83-4958-BB67-593D264B44B6}.Ad-Hoc|x86.Build.0 = Release|Any CPU
		{73B56B21-3C83-4958-BB67-593D264B44B6}.Ad-Hoc|x86.Deploy.0 = Release|Any CPU
		{73B56B21-3C83-4958-BB67-593D264B44B6}.AppStore|Any CPU.ActiveCfg = Release|Any CPU
		{73B56B21-3C83-4958-BB67-593D264B44B6}.AppStore|Any CPU.Build.0 = Release|Any CPU
		{73B56B21-3C83-4958-BB67-593D264B44B6}.AppStore|Any CPU.Deploy.0 = Release|Any CPU
		{73B56B21-3C83-4958-BB67-593D264B44B6}.AppStore|ARM.ActiveCfg = Release|Any CPU
		{73B56B21-3C83-4958-BB67-593D264B44B6}.AppStore|ARM.Build.0 = Release|Any CPU
		{73B56B21-3C83-4958-BB67-593D264B44B6}.AppStore|ARM.Deploy.0 = Release|Any CPU
		{73B56B21-3C83-4958-BB67-593D264B44B6}.AppStore|iPhone.ActiveCfg = Release|Any CPU
		{73B56B21-3C83-4958-BB67-593D264B44B6}.AppStore|iPhone.Build.0 = Release|Any CPU
		{73B56B21-3C83-4958-BB67-593D264B44B6}.AppStore|iPhone.Deploy.0 = Release|Any CPU
		{73B56B21-3C83-4958-BB67-593D264B44B6}.AppStore|iPhoneSimulator.ActiveCfg = Release|Any CPU
		{73B56B21-3C83-4958-BB67-593D264B44B6}.AppStore|iPhoneSimulator.Build.0 = Release|Any CPU
		{73B56B21-3C83-4958-BB67-593D264B44B6}.AppStore|iPhoneSimulator.Deploy.0 = Release|Any CPU
		{73B56B21-3C83-4958-BB67-593D264B44B6}.AppStore|x64.ActiveCfg = Release|Any CPU
		{73B56B21-3C83-4958-BB67-593D264B44B6}.AppStore|x64.Build.0 = Release|Any CPU
		{73B56B21-3C83-4958-BB67-593D264B44B6}.AppStore|x64.Deploy.0 = Release|Any CPU
		{73B56B21-3C83-4958-BB67-593D264B44B6}.AppStore|x86.ActiveCfg = Release|Any CPU
		{73B56B21-3C83-4958-BB67-593D264B44B6}.AppStore|x86.Build.0 = Release|Any CPU
		{73B56B21-3C83-4958-BB67-593D264B44B6}.AppStore|x86.Deploy.0 = Release|Any CPU
		{73B56B21-3C83-4958-BB67-593D264B44B6}.Debug|Any CPU.ActiveCfg = Debug|Any CPU
		{73B56B21-3C83-4958-BB67-593D264B44B6}.Debug|Any CPU.Build.0 = Debug|Any CPU
		{73B56B21-3C83-4958-BB67-593D264B44B6}.Debug|Any CPU.Deploy.0 = Debug|Any CPU
		{73B56B21-3C83-4958-BB67-593D264B44B6}.Debug|ARM.ActiveCfg = Debug|Any CPU
		{73B56B21-3C83-4958-BB67-593D264B44B6}.Debug|ARM.Build.0 = Debug|Any CPU
		{73B56B21-3C83-4958-BB67-593D264B44B6}.Debug|ARM.Deploy.0 = Debug|Any CPU
		{73B56B21-3C83-4958-BB67-593D264B44B6}.Debug|iPhone.ActiveCfg = Debug|Any CPU
		{73B56B21-3C83-4958-BB67-593D264B44B6}.Debug|iPhone.Build.0 = Debug|Any CPU
		{73B56B21-3C83-4958-BB67-593D264B44B6}.Debug|iPhone.Deploy.0 = Debug|Any CPU
		{73B56B21-3C83-4958-BB67-593D264B44B6}.Debug|iPhoneSimulator.ActiveCfg = Debug|Any CPU
		{73B56B21-3C83-4958-BB67-593D264B44B6}.Debug|iPhoneSimulator.Build.0 = Debug|Any CPU
		{73B56B21-3C83-4958-BB67-593D264B44B6}.Debug|iPhoneSimulator.Deploy.0 = Debug|Any CPU
		{73B56B21-3C83-4958-BB67-593D264B44B6}.Debug|x64.ActiveCfg = Debug|Any CPU
		{73B56B21-3C83-4958-BB67-593D264B44B6}.Debug|x64.Build.0 = Debug|Any CPU
		{73B56B21-3C83-4958-BB67-593D264B44B6}.Debug|x64.Deploy.0 = Debug|Any CPU
		{73B56B21-3C83-4958-BB67-593D264B44B6}.Debug|x86.ActiveCfg = Debug|Any CPU
		{73B56B21-3C83-4958-BB67-593D264B44B6}.Debug|x86.Build.0 = Debug|Any CPU
		{73B56B21-3C83-4958-BB67-593D264B44B6}.Debug|x86.Deploy.0 = Debug|Any CPU
		{73B56B21-3C83-4958-BB67-593D264B44B6}.Release|Any CPU.ActiveCfg = Release|Any CPU
		{73B56B21-3C83-4958-BB67-593D264B44B6}.Release|Any CPU.Build.0 = Release|Any CPU
		{73B56B21-3C83-4958-BB67-593D264B44B6}.Release|Any CPU.Deploy.0 = Release|Any CPU
		{73B56B21-3C83-4958-BB67-593D264B44B6}.Release|ARM.ActiveCfg = Release|Any CPU
		{73B56B21-3C83-4958-BB67-593D264B44B6}.Release|ARM.Build.0 = Release|Any CPU
		{73B56B21-3C83-4958-BB67-593D264B44B6}.Release|ARM.Deploy.0 = Release|Any CPU
		{73B56B21-3C83-4958-BB67-593D264B44B6}.Release|iPhone.ActiveCfg = Release|Any CPU
		{73B56B21-3C83-4958-BB67-593D264B44B6}.Release|iPhone.Build.0 = Release|Any CPU
		{73B56B21-3C83-4958-BB67-593D264B44B6}.Release|iPhone.Deploy.0 = Release|Any CPU
		{73B56B21-3C83-4958-BB67-593D264B44B6}.Release|iPhoneSimulator.ActiveCfg = Release|Any CPU
		{73B56B21-3C83-4958-BB67-593D264B44B6}.Release|iPhoneSimulator.Build.0 = Release|Any CPU
		{73B56B21-3C83-4958-BB67-593D264B44B6}.Release|iPhoneSimulator.Deploy.0 = Release|Any CPU
		{73B56B21-3C83-4958-BB67-593D264B44B6}.Release|x64.ActiveCfg = Release|Any CPU
		{73B56B21-3C83-4958-BB67-593D264B44B6}.Release|x64.Build.0 = Release|Any CPU
		{73B56B21-3C83-4958-BB67-593D264B44B6}.Release|x64.Deploy.0 = Release|Any CPU
		{73B56B21-3C83-4958-BB67-593D264B44B6}.Release|x86.ActiveCfg = Release|Any CPU
		{73B56B21-3C83-4958-BB67-593D264B44B6}.Release|x86.Build.0 = Release|Any CPU
		{73B56B21-3C83-4958-BB67-593D264B44B6}.Release|x86.Deploy.0 = Release|Any CPU
		{63BBA208-03E3-49E9-AD53-6AE265CB7C0A}.Ad-Hoc|Any CPU.ActiveCfg = Ad-Hoc|iPhone
		{63BBA208-03E3-49E9-AD53-6AE265CB7C0A}.Ad-Hoc|ARM.ActiveCfg = Ad-Hoc|iPhone
		{63BBA208-03E3-49E9-AD53-6AE265CB7C0A}.Ad-Hoc|iPhone.ActiveCfg = Ad-Hoc|iPhone
		{63BBA208-03E3-49E9-AD53-6AE265CB7C0A}.Ad-Hoc|iPhone.Build.0 = Ad-Hoc|iPhone
		{63BBA208-03E3-49E9-AD53-6AE265CB7C0A}.Ad-Hoc|iPhoneSimulator.ActiveCfg = Ad-Hoc|iPhoneSimulator
		{63BBA208-03E3-49E9-AD53-6AE265CB7C0A}.Ad-Hoc|iPhoneSimulator.Build.0 = Ad-Hoc|iPhoneSimulator
		{63BBA208-03E3-49E9-AD53-6AE265CB7C0A}.Ad-Hoc|x64.ActiveCfg = Ad-Hoc|iPhone
		{63BBA208-03E3-49E9-AD53-6AE265CB7C0A}.Ad-Hoc|x86.ActiveCfg = Ad-Hoc|iPhone
		{63BBA208-03E3-49E9-AD53-6AE265CB7C0A}.AppStore|Any CPU.ActiveCfg = AppStore|iPhone
		{63BBA208-03E3-49E9-AD53-6AE265CB7C0A}.AppStore|ARM.ActiveCfg = AppStore|iPhone
		{63BBA208-03E3-49E9-AD53-6AE265CB7C0A}.AppStore|iPhone.ActiveCfg = AppStore|iPhone
		{63BBA208-03E3-49E9-AD53-6AE265CB7C0A}.AppStore|iPhone.Build.0 = AppStore|iPhone
		{63BBA208-03E3-49E9-AD53-6AE265CB7C0A}.AppStore|iPhoneSimulator.ActiveCfg = AppStore|iPhoneSimulator
		{63BBA208-03E3-49E9-AD53-6AE265CB7C0A}.AppStore|iPhoneSimulator.Build.0 = AppStore|iPhoneSimulator
		{63BBA208-03E3-49E9-AD53-6AE265CB7C0A}.AppStore|x64.ActiveCfg = AppStore|iPhone
		{63BBA208-03E3-49E9-AD53-6AE265CB7C0A}.AppStore|x86.ActiveCfg = AppStore|iPhone
		{63BBA208-03E3-49E9-AD53-6AE265CB7C0A}.Debug|Any CPU.ActiveCfg = Debug|iPhone
		{63BBA208-03E3-49E9-AD53-6AE265CB7C0A}.Debug|ARM.ActiveCfg = Debug|iPhone
		{63BBA208-03E3-49E9-AD53-6AE265CB7C0A}.Debug|iPhone.ActiveCfg = Debug|iPhone
		{63BBA208-03E3-49E9-AD53-6AE265CB7C0A}.Debug|iPhone.Build.0 = Debug|iPhone
		{63BBA208-03E3-49E9-AD53-6AE265CB7C0A}.Debug|iPhoneSimulator.ActiveCfg = Debug|iPhoneSimulator
		{63BBA208-03E3-49E9-AD53-6AE265CB7C0A}.Debug|iPhoneSimulator.Build.0 = Debug|iPhoneSimulator
		{63BBA208-03E3-49E9-AD53-6AE265CB7C0A}.Debug|x64.ActiveCfg = Debug|iPhone
		{63BBA208-03E3-49E9-AD53-6AE265CB7C0A}.Debug|x86.ActiveCfg = Debug|iPhone
		{63BBA208-03E3-49E9-AD53-6AE265CB7C0A}.Release|Any CPU.ActiveCfg = Release|iPhone
		{63BBA208-03E3-49E9-AD53-6AE265CB7C0A}.Release|ARM.ActiveCfg = Release|iPhone
		{63BBA208-03E3-49E9-AD53-6AE265CB7C0A}.Release|iPhone.ActiveCfg = Release|iPhone
		{63BBA208-03E3-49E9-AD53-6AE265CB7C0A}.Release|iPhone.Build.0 = Release|iPhone
		{63BBA208-03E3-49E9-AD53-6AE265CB7C0A}.Release|iPhoneSimulator.ActiveCfg = Release|iPhoneSimulator
		{63BBA208-03E3-49E9-AD53-6AE265CB7C0A}.Release|iPhoneSimulator.Build.0 = Release|iPhoneSimulator
		{63BBA208-03E3-49E9-AD53-6AE265CB7C0A}.Release|x64.ActiveCfg = Release|iPhone
		{63BBA208-03E3-49E9-AD53-6AE265CB7C0A}.Release|x86.ActiveCfg = Release|iPhone
		{240FE79B-ED58-41E8-A3B8-757A0F51FA41}.Ad-Hoc|Any CPU.ActiveCfg = Release|x86
		{240FE79B-ED58-41E8-A3B8-757A0F51FA41}.Ad-Hoc|Any CPU.Build.0 = Release|x86
		{240FE79B-ED58-41E8-A3B8-757A0F51FA41}.Ad-Hoc|Any CPU.Deploy.0 = Release|x86
		{240FE79B-ED58-41E8-A3B8-757A0F51FA41}.Ad-Hoc|ARM.ActiveCfg = Release|ARM
		{240FE79B-ED58-41E8-A3B8-757A0F51FA41}.Ad-Hoc|ARM.Build.0 = Release|ARM
		{240FE79B-ED58-41E8-A3B8-757A0F51FA41}.Ad-Hoc|ARM.Deploy.0 = Release|ARM
		{240FE79B-ED58-41E8-A3B8-757A0F51FA41}.Ad-Hoc|iPhone.ActiveCfg = Release|x86
		{240FE79B-ED58-41E8-A3B8-757A0F51FA41}.Ad-Hoc|iPhone.Build.0 = Release|x86
		{240FE79B-ED58-41E8-A3B8-757A0F51FA41}.Ad-Hoc|iPhone.Deploy.0 = Release|x86
		{240FE79B-ED58-41E8-A3B8-757A0F51FA41}.Ad-Hoc|iPhoneSimulator.ActiveCfg = Release|x86
		{240FE79B-ED58-41E8-A3B8-757A0F51FA41}.Ad-Hoc|iPhoneSimulator.Build.0 = Release|x86
		{240FE79B-ED58-41E8-A3B8-757A0F51FA41}.Ad-Hoc|iPhoneSimulator.Deploy.0 = Release|x86
		{240FE79B-ED58-41E8-A3B8-757A0F51FA41}.Ad-Hoc|x64.ActiveCfg = Release|x64
		{240FE79B-ED58-41E8-A3B8-757A0F51FA41}.Ad-Hoc|x64.Build.0 = Release|x64
		{240FE79B-ED58-41E8-A3B8-757A0F51FA41}.Ad-Hoc|x64.Deploy.0 = Release|x64
		{240FE79B-ED58-41E8-A3B8-757A0F51FA41}.Ad-Hoc|x86.ActiveCfg = Release|x86
		{240FE79B-ED58-41E8-A3B8-757A0F51FA41}.Ad-Hoc|x86.Build.0 = Release|x86
		{240FE79B-ED58-41E8-A3B8-757A0F51FA41}.Ad-Hoc|x86.Deploy.0 = Release|x86
		{240FE79B-ED58-41E8-A3B8-757A0F51FA41}.AppStore|Any CPU.ActiveCfg = Release|x86
		{240FE79B-ED58-41E8-A3B8-757A0F51FA41}.AppStore|Any CPU.Build.0 = Release|x86
		{240FE79B-ED58-41E8-A3B8-757A0F51FA41}.AppStore|Any CPU.Deploy.0 = Release|x86
		{240FE79B-ED58-41E8-A3B8-757A0F51FA41}.AppStore|ARM.ActiveCfg = Release|ARM
		{240FE79B-ED58-41E8-A3B8-757A0F51FA41}.AppStore|ARM.Build.0 = Release|ARM
		{240FE79B-ED58-41E8-A3B8-757A0F51FA41}.AppStore|ARM.Deploy.0 = Release|ARM
		{240FE79B-ED58-41E8-A3B8-757A0F51FA41}.AppStore|iPhone.ActiveCfg = Release|x86
		{240FE79B-ED58-41E8-A3B8-757A0F51FA41}.AppStore|iPhone.Build.0 = Release|x86
		{240FE79B-ED58-41E8-A3B8-757A0F51FA41}.AppStore|iPhone.Deploy.0 = Release|x86
		{240FE79B-ED58-41E8-A3B8-757A0F51FA41}.AppStore|iPhoneSimulator.ActiveCfg = Release|x86
		{240FE79B-ED58-41E8-A3B8-757A0F51FA41}.AppStore|iPhoneSimulator.Build.0 = Release|x86
		{240FE79B-ED58-41E8-A3B8-757A0F51FA41}.AppStore|iPhoneSimulator.Deploy.0 = Release|x86
		{240FE79B-ED58-41E8-A3B8-757A0F51FA41}.AppStore|x64.ActiveCfg = Release|x64
		{240FE79B-ED58-41E8-A3B8-757A0F51FA41}.AppStore|x64.Build.0 = Release|x64
		{240FE79B-ED58-41E8-A3B8-757A0F51FA41}.AppStore|x64.Deploy.0 = Release|x64
		{240FE79B-ED58-41E8-A3B8-757A0F51FA41}.AppStore|x86.ActiveCfg = Release|x86
		{240FE79B-ED58-41E8-A3B8-757A0F51FA41}.AppStore|x86.Build.0 = Release|x86
		{240FE79B-ED58-41E8-A3B8-757A0F51FA41}.AppStore|x86.Deploy.0 = Release|x86
		{240FE79B-ED58-41E8-A3B8-757A0F51FA41}.Debug|Any CPU.ActiveCfg = Debug|x86
		{240FE79B-ED58-41E8-A3B8-757A0F51FA41}.Debug|ARM.ActiveCfg = Debug|ARM
		{240FE79B-ED58-41E8-A3B8-757A0F51FA41}.Debug|ARM.Build.0 = Debug|ARM
		{240FE79B-ED58-41E8-A3B8-757A0F51FA41}.Debug|ARM.Deploy.0 = Debug|ARM
		{240FE79B-ED58-41E8-A3B8-757A0F51FA41}.Debug|iPhone.ActiveCfg = Debug|x86
		{240FE79B-ED58-41E8-A3B8-757A0F51FA41}.Debug|iPhoneSimulator.ActiveCfg = Debug|x86
		{240FE79B-ED58-41E8-A3B8-757A0F51FA41}.Debug|x64.ActiveCfg = Debug|x64
		{240FE79B-ED58-41E8-A3B8-757A0F51FA41}.Debug|x64.Build.0 = Debug|x64
		{240FE79B-ED58-41E8-A3B8-757A0F51FA41}.Debug|x64.Deploy.0 = Debug|x64
		{240FE79B-ED58-41E8-A3B8-757A0F51FA41}.Debug|x86.ActiveCfg = Debug|x86
		{240FE79B-ED58-41E8-A3B8-757A0F51FA41}.Debug|x86.Build.0 = Debug|x86
		{240FE79B-ED58-41E8-A3B8-757A0F51FA41}.Debug|x86.Deploy.0 = Debug|x86
		{240FE79B-ED58-41E8-A3B8-757A0F51FA41}.Release|Any CPU.ActiveCfg = Release|x86
		{240FE79B-ED58-41E8-A3B8-757A0F51FA41}.Release|ARM.ActiveCfg = Release|ARM
		{240FE79B-ED58-41E8-A3B8-757A0F51FA41}.Release|ARM.Build.0 = Release|ARM
		{240FE79B-ED58-41E8-A3B8-757A0F51FA41}.Release|ARM.Deploy.0 = Release|ARM
		{240FE79B-ED58-41E8-A3B8-757A0F51FA41}.Release|iPhone.ActiveCfg = Release|x86
		{240FE79B-ED58-41E8-A3B8-757A0F51FA41}.Release|iPhoneSimulator.ActiveCfg = Release|x86
		{240FE79B-ED58-41E8-A3B8-757A0F51FA41}.Release|x64.ActiveCfg = Release|x64
		{240FE79B-ED58-41E8-A3B8-757A0F51FA41}.Release|x64.Build.0 = Release|x64
		{240FE79B-ED58-41E8-A3B8-757A0F51FA41}.Release|x64.Deploy.0 = Release|x64
		{240FE79B-ED58-41E8-A3B8-757A0F51FA41}.Release|x86.ActiveCfg = Release|x86
		{240FE79B-ED58-41E8-A3B8-757A0F51FA41}.Release|x86.Build.0 = Release|x86
		{240FE79B-ED58-41E8-A3B8-757A0F51FA41}.Release|x86.Deploy.0 = Release|x86
		{45B5C6B6-21AB-49DD-9106-95A8DD76EF08}.Ad-Hoc|Any CPU.ActiveCfg = Debug|Any CPU
		{45B5C6B6-21AB-49DD-9106-95A8DD76EF08}.Ad-Hoc|Any CPU.Build.0 = Debug|Any CPU
		{45B5C6B6-21AB-49DD-9106-95A8DD76EF08}.Ad-Hoc|ARM.ActiveCfg = Debug|Any CPU
		{45B5C6B6-21AB-49DD-9106-95A8DD76EF08}.Ad-Hoc|ARM.Build.0 = Debug|Any CPU
		{45B5C6B6-21AB-49DD-9106-95A8DD76EF08}.Ad-Hoc|iPhone.ActiveCfg = Debug|Any CPU
		{45B5C6B6-21AB-49DD-9106-95A8DD76EF08}.Ad-Hoc|iPhone.Build.0 = Debug|Any CPU
		{45B5C6B6-21AB-49DD-9106-95A8DD76EF08}.Ad-Hoc|iPhoneSimulator.ActiveCfg = Debug|Any CPU
		{45B5C6B6-21AB-49DD-9106-95A8DD76EF08}.Ad-Hoc|iPhoneSimulator.Build.0 = Debug|Any CPU
		{45B5C6B6-21AB-49DD-9106-95A8DD76EF08}.Ad-Hoc|x64.ActiveCfg = Debug|Any CPU
		{45B5C6B6-21AB-49DD-9106-95A8DD76EF08}.Ad-Hoc|x64.Build.0 = Debug|Any CPU
		{45B5C6B6-21AB-49DD-9106-95A8DD76EF08}.Ad-Hoc|x86.ActiveCfg = Debug|Any CPU
		{45B5C6B6-21AB-49DD-9106-95A8DD76EF08}.Ad-Hoc|x86.Build.0 = Debug|Any CPU
		{45B5C6B6-21AB-49DD-9106-95A8DD76EF08}.AppStore|Any CPU.ActiveCfg = Debug|Any CPU
		{45B5C6B6-21AB-49DD-9106-95A8DD76EF08}.AppStore|Any CPU.Build.0 = Debug|Any CPU
		{45B5C6B6-21AB-49DD-9106-95A8DD76EF08}.AppStore|ARM.ActiveCfg = Debug|Any CPU
		{45B5C6B6-21AB-49DD-9106-95A8DD76EF08}.AppStore|ARM.Build.0 = Debug|Any CPU
		{45B5C6B6-21AB-49DD-9106-95A8DD76EF08}.AppStore|iPhone.ActiveCfg = Debug|Any CPU
		{45B5C6B6-21AB-49DD-9106-95A8DD76EF08}.AppStore|iPhone.Build.0 = Debug|Any CPU
		{45B5C6B6-21AB-49DD-9106-95A8DD76EF08}.AppStore|iPhoneSimulator.ActiveCfg = Debug|Any CPU
		{45B5C6B6-21AB-49DD-9106-95A8DD76EF08}.AppStore|iPhoneSimulator.Build.0 = Debug|Any CPU
		{45B5C6B6-21AB-49DD-9106-95A8DD76EF08}.AppStore|x64.ActiveCfg = Debug|Any CPU
		{45B5C6B6-21AB-49DD-9106-95A8DD76EF08}.AppStore|x64.Build.0 = Debug|Any CPU
		{45B5C6B6-21AB-49DD-9106-95A8DD76EF08}.AppStore|x86.ActiveCfg = Debug|Any CPU
		{45B5C6B6-21AB-49DD-9106-95A8DD76EF08}.AppStore|x86.Build.0 = Debug|Any CPU
		{45B5C6B6-21AB-49DD-9106-95A8DD76EF08}.Debug|Any CPU.ActiveCfg = Debug|Any CPU
		{45B5C6B6-21AB-49DD-9106-95A8DD76EF08}.Debug|Any CPU.Build.0 = Debug|Any CPU
		{45B5C6B6-21AB-49DD-9106-95A8DD76EF08}.Debug|ARM.ActiveCfg = Debug|Any CPU
		{45B5C6B6-21AB-49DD-9106-95A8DD76EF08}.Debug|ARM.Build.0 = Debug|Any CPU
		{45B5C6B6-21AB-49DD-9106-95A8DD76EF08}.Debug|iPhone.ActiveCfg = Debug|Any CPU
		{45B5C6B6-21AB-49DD-9106-95A8DD76EF08}.Debug|iPhone.Build.0 = Debug|Any CPU
		{45B5C6B6-21AB-49DD-9106-95A8DD76EF08}.Debug|iPhoneSimulator.ActiveCfg = Debug|Any CPU
		{45B5C6B6-21AB-49DD-9106-95A8DD76EF08}.Debug|iPhoneSimulator.Build.0 = Debug|Any CPU
		{45B5C6B6-21AB-49DD-9106-95A8DD76EF08}.Debug|x64.ActiveCfg = Debug|Any CPU
		{45B5C6B6-21AB-49DD-9106-95A8DD76EF08}.Debug|x64.Build.0 = Debug|Any CPU
		{45B5C6B6-21AB-49DD-9106-95A8DD76EF08}.Debug|x86.ActiveCfg = Debug|Any CPU
		{45B5C6B6-21AB-49DD-9106-95A8DD76EF08}.Debug|x86.Build.0 = Debug|Any CPU
		{45B5C6B6-21AB-49DD-9106-95A8DD76EF08}.Release|Any CPU.ActiveCfg = Release|Any CPU
		{45B5C6B6-21AB-49DD-9106-95A8DD76EF08}.Release|Any CPU.Build.0 = Release|Any CPU
		{45B5C6B6-21AB-49DD-9106-95A8DD76EF08}.Release|ARM.ActiveCfg = Release|Any CPU
		{45B5C6B6-21AB-49DD-9106-95A8DD76EF08}.Release|ARM.Build.0 = Release|Any CPU
		{45B5C6B6-21AB-49DD-9106-95A8DD76EF08}.Release|iPhone.ActiveCfg = Release|Any CPU
		{45B5C6B6-21AB-49DD-9106-95A8DD76EF08}.Release|iPhone.Build.0 = Release|Any CPU
		{45B5C6B6-21AB-49DD-9106-95A8DD76EF08}.Release|iPhoneSimulator.ActiveCfg = Release|Any CPU
		{45B5C6B6-21AB-49DD-9106-95A8DD76EF08}.Release|iPhoneSimulator.Build.0 = Release|Any CPU
		{45B5C6B6-21AB-49DD-9106-95A8DD76EF08}.Release|x64.ActiveCfg = Release|Any CPU
		{45B5C6B6-21AB-49DD-9106-95A8DD76EF08}.Release|x64.Build.0 = Release|Any CPU
		{45B5C6B6-21AB-49DD-9106-95A8DD76EF08}.Release|x86.ActiveCfg = Release|Any CPU
		{45B5C6B6-21AB-49DD-9106-95A8DD76EF08}.Release|x86.Build.0 = Release|Any CPU
		{7C25CE5E-8E46-4FF1-8F2F-194A491BED46}.Ad-Hoc|Any CPU.ActiveCfg = Debug|Any CPU
		{7C25CE5E-8E46-4FF1-8F2F-194A491BED46}.Ad-Hoc|Any CPU.Build.0 = Debug|Any CPU
		{7C25CE5E-8E46-4FF1-8F2F-194A491BED46}.Ad-Hoc|ARM.ActiveCfg = Debug|Any CPU
		{7C25CE5E-8E46-4FF1-8F2F-194A491BED46}.Ad-Hoc|ARM.Build.0 = Debug|Any CPU
		{7C25CE5E-8E46-4FF1-8F2F-194A491BED46}.Ad-Hoc|iPhone.ActiveCfg = Debug|Any CPU
		{7C25CE5E-8E46-4FF1-8F2F-194A491BED46}.Ad-Hoc|iPhone.Build.0 = Debug|Any CPU
		{7C25CE5E-8E46-4FF1-8F2F-194A491BED46}.Ad-Hoc|iPhoneSimulator.ActiveCfg = Debug|Any CPU
		{7C25CE5E-8E46-4FF1-8F2F-194A491BED46}.Ad-Hoc|iPhoneSimulator.Build.0 = Debug|Any CPU
		{7C25CE5E-8E46-4FF1-8F2F-194A491BED46}.Ad-Hoc|x64.ActiveCfg = Debug|Any CPU
		{7C25CE5E-8E46-4FF1-8F2F-194A491BED46}.Ad-Hoc|x64.Build.0 = Debug|Any CPU
		{7C25CE5E-8E46-4FF1-8F2F-194A491BED46}.Ad-Hoc|x86.ActiveCfg = Debug|Any CPU
		{7C25CE5E-8E46-4FF1-8F2F-194A491BED46}.Ad-Hoc|x86.Build.0 = Debug|Any CPU
		{7C25CE5E-8E46-4FF1-8F2F-194A491BED46}.AppStore|Any CPU.ActiveCfg = Debug|Any CPU
		{7C25CE5E-8E46-4FF1-8F2F-194A491BED46}.AppStore|Any CPU.Build.0 = Debug|Any CPU
		{7C25CE5E-8E46-4FF1-8F2F-194A491BED46}.AppStore|ARM.ActiveCfg = Debug|Any CPU
		{7C25CE5E-8E46-4FF1-8F2F-194A491BED46}.AppStore|ARM.Build.0 = Debug|Any CPU
		{7C25CE5E-8E46-4FF1-8F2F-194A491BED46}.AppStore|iPhone.ActiveCfg = Debug|Any CPU
		{7C25CE5E-8E46-4FF1-8F2F-194A491BED46}.AppStore|iPhone.Build.0 = Debug|Any CPU
		{7C25CE5E-8E46-4FF1-8F2F-194A491BED46}.AppStore|iPhoneSimulator.ActiveCfg = Debug|Any CPU
		{7C25CE5E-8E46-4FF1-8F2F-194A491BED46}.AppStore|iPhoneSimulator.Build.0 = Debug|Any CPU
		{7C25CE5E-8E46-4FF1-8F2F-194A491BED46}.AppStore|x64.ActiveCfg = Debug|Any CPU
		{7C25CE5E-8E46-4FF1-8F2F-194A491BED46}.AppStore|x64.Build.0 = Debug|Any CPU
		{7C25CE5E-8E46-4FF1-8F2F-194A491BED46}.AppStore|x86.ActiveCfg = Debug|Any CPU
		{7C25CE5E-8E46-4FF1-8F2F-194A491BED46}.AppStore|x86.Build.0 = Debug|Any CPU
		{7C25CE5E-8E46-4FF1-8F2F-194A491BED46}.Debug|Any CPU.ActiveCfg = Debug|Any CPU
		{7C25CE5E-8E46-4FF1-8F2F-194A491BED46}.Debug|Any CPU.Build.0 = Debug|Any CPU
		{7C25CE5E-8E46-4FF1-8F2F-194A491BED46}.Debug|ARM.ActiveCfg = Debug|Any CPU
		{7C25CE5E-8E46-4FF1-8F2F-194A491BED46}.Debug|ARM.Build.0 = Debug|Any CPU
		{7C25CE5E-8E46-4FF1-8F2F-194A491BED46}.Debug|iPhone.ActiveCfg = Debug|Any CPU
		{7C25CE5E-8E46-4FF1-8F2F-194A491BED46}.Debug|iPhone.Build.0 = Debug|Any CPU
		{7C25CE5E-8E46-4FF1-8F2F-194A491BED46}.Debug|iPhoneSimulator.ActiveCfg = Debug|Any CPU
		{7C25CE5E-8E46-4FF1-8F2F-194A491BED46}.Debug|iPhoneSimulator.Build.0 = Debug|Any CPU
		{7C25CE5E-8E46-4FF1-8F2F-194A491BED46}.Debug|x64.ActiveCfg = Debug|Any CPU
		{7C25CE5E-8E46-4FF1-8F2F-194A491BED46}.Debug|x64.Build.0 = Debug|Any CPU
		{7C25CE5E-8E46-4FF1-8F2F-194A491BED46}.Debug|x86.ActiveCfg = Debug|Any CPU
		{7C25CE5E-8E46-4FF1-8F2F-194A491BED46}.Debug|x86.Build.0 = Debug|Any CPU
		{7C25CE5E-8E46-4FF1-8F2F-194A491BED46}.Release|Any CPU.ActiveCfg = Release|Any CPU
		{7C25CE5E-8E46-4FF1-8F2F-194A491BED46}.Release|Any CPU.Build.0 = Release|Any CPU
		{7C25CE5E-8E46-4FF1-8F2F-194A491BED46}.Release|ARM.ActiveCfg = Release|Any CPU
		{7C25CE5E-8E46-4FF1-8F2F-194A491BED46}.Release|ARM.Build.0 = Release|Any CPU
		{7C25CE5E-8E46-4FF1-8F2F-194A491BED46}.Release|iPhone.ActiveCfg = Release|Any CPU
		{7C25CE5E-8E46-4FF1-8F2F-194A491BED46}.Release|iPhone.Build.0 = Release|Any CPU
		{7C25CE5E-8E46-4FF1-8F2F-194A491BED46}.Release|iPhoneSimulator.ActiveCfg = Release|Any CPU
		{7C25CE5E-8E46-4FF1-8F2F-194A491BED46}.Release|iPhoneSimulator.Build.0 = Release|Any CPU
		{7C25CE5E-8E46-4FF1-8F2F-194A491BED46}.Release|x64.ActiveCfg = Release|Any CPU
		{7C25CE5E-8E46-4FF1-8F2F-194A491BED46}.Release|x64.Build.0 = Release|Any CPU
		{7C25CE5E-8E46-4FF1-8F2F-194A491BED46}.Release|x86.ActiveCfg = Release|Any CPU
		{7C25CE5E-8E46-4FF1-8F2F-194A491BED46}.Release|x86.Build.0 = Release|Any CPU
	EndGlobalSection
	GlobalSection(SolutionProperties) = preSolution
		HideSolutionNode = FALSE
	EndGlobalSection
	GlobalSection(ExtensibilityGlobals) = postSolution
		SolutionGuid = {626E423D-13C9-430E-BACD-E819EB69D007}
	EndGlobalSection
EndGlobal
